
Microsoft Visual Studio Solution File, Format Version 12.00
# Visual Studio 15
VisualStudioVersion = 15.0.27004.2006
MinimumVisualStudioVersion = 10.0.40219.1
Project("{FAE04EC0-301F-11D3-BF4B-00C04F79EFBC}") = "Demo Bot New", "Demo Bot New\Demo Bot New.csproj", "{D09A2DCD-4702-45F1-9962-49E2AB9DBD0D}"
EndProject
Project("{FAE04EC0-301F-11D3-BF4B-00C04F79EFBC}") = "ProfessorData", "Demo Bot New\ProfessorData.csproj", "{1FF5A775-B8F1-4FE9-91FD-EF1B6CAB23A8}"
EndProject
Global
	GlobalSection(SolutionConfigurationPlatforms) = preSolution
		Debug|Any CPU = Debug|Any CPU
		Release|Any CPU = Release|Any CPU
	EndGlobalSection
	GlobalSection(ProjectConfigurationPlatforms) = postSolution
		{D09A2DCD-4702-45F1-9962-49E2AB9DBD0D}.Debug|Any CPU.ActiveCfg = Debug|Any CPU
		{D09A2DCD-4702-45F1-9962-49E2AB9DBD0D}.Debug|Any CPU.Build.0 = Debug|Any CPU
		{D09A2DCD-4702-45F1-9962-49E2AB9DBD0D}.Release|Any CPU.ActiveCfg = Release|Any CPU
		{D09A2DCD-4702-45F1-9962-49E2AB9DBD0D}.Release|Any CPU.Build.0 = Release|Any CPU
		{1FF5A775-B8F1-4FE9-91FD-EF1B6CAB23A8}.Debug|Any CPU.ActiveCfg = Debug|Any CPU
		{1FF5A775-B8F1-4FE9-91FD-EF1B6CAB23A8}.Debug|Any CPU.Build.0 = Debug|Any CPU
		{1FF5A775-B8F1-4FE9-91FD-EF1B6CAB23A8}.Release|Any CPU.ActiveCfg = Release|Any CPU
		{1FF5A775-B8F1-4FE9-91FD-EF1B6CAB23A8}.Release|Any CPU.Build.0 = Release|Any CPU
	EndGlobalSection
	GlobalSection(SolutionProperties) = preSolution
		HideSolutionNode = FALSE
	EndGlobalSection
	GlobalSection(ExtensibilityGlobals) = postSolution
		SolutionGuid = {5AE2221A-4E2E-439C-85F0-AE0B7E655B6E}
	EndGlobalSection
EndGlobal
