
Microsoft Visual Studio Solution File, Format Version 12.00
# Visual Studio 15
VisualStudioVersion = 15.0.27004.2006
MinimumVisualStudioVersion = 10.0.40219.1
Project("{FAE04EC0-301F-11D3-BF4B-00C04F79EFBC}") = "Exago_bot", "Exago_bot\Exago_bot.csproj", "{6A5DB2DC-0A2B-4110-9118-2FA3304CCA67}"
EndProject
Global
	GlobalSection(SolutionConfigurationPlatforms) = preSolution
		Debug|Any CPU = Debug|Any CPU
		Release|Any CPU = Release|Any CPU
	EndGlobalSection
	GlobalSection(ProjectConfigurationPlatforms) = postSolution
		{6A5DB2DC-0A2B-4110-9118-2FA3304CCA67}.Debug|Any CPU.ActiveCfg = Debug|Any CPU
		{6A5DB2DC-0A2B-4110-9118-2FA3304CCA67}.Debug|Any CPU.Build.0 = Debug|Any CPU
		{6A5DB2DC-0A2B-4110-9118-2FA3304CCA67}.Release|Any CPU.ActiveCfg = Release|Any CPU
		{6A5DB2DC-0A2B-4110-9118-2FA3304CCA67}.Release|Any CPU.Build.0 = Release|Any CPU
	EndGlobalSection
	GlobalSection(SolutionProperties) = preSolution
		HideSolutionNode = FALSE
	EndGlobalSection
	GlobalSection(ExtensibilityGlobals) = postSolution
		SolutionGuid = {B8B5F636-4398-40FA-889C-4864464F95D8}
	EndGlobalSection
EndGlobal
